
Microsoft Visual Studio Solution File, Format Version 12.00
# Visual Studio Version 17
VisualStudioVersion = 17.14.36310.24 d17.14
MinimumVisualStudioVersion = 10.0.40219.1
Project("{FAE04EC0-301F-11D3-BF4B-00C04F79EFBC}") = "miPrimerProyectoCsharp", "miPrimerProyectoCsharp\miPrimerProyectoCsharp.csproj", "{4DD41BA3-A9C3-449C-9DAB-AF93F140651F}"
EndProject
Global
	GlobalSection(SolutionConfigurationPlatforms) = preSolution
		Debug|Any CPU = Debug|Any CPU
		Release|Any CPU = Release|Any CPU
	EndGlobalSection
	GlobalSection(ProjectConfigurationPlatforms) = postSolution
		{4DD41BA3-A9C3-449C-9DAB-AF93F140651F}.Debug|Any CPU.ActiveCfg = Debug|Any CPU
		{4DD41BA3-A9C3-449C-9DAB-AF93F140651F}.Debug|Any CPU.Build.0 = Debug|Any CPU
		{4DD41BA3-A9C3-449C-9DAB-AF93F140651F}.Release|Any CPU.ActiveCfg = Release|Any CPU
		{4DD41BA3-A9C3-449C-9DAB-AF93F140651F}.Release|Any CPU.Build.0 = Release|Any CPU
	EndGlobalSection
	GlobalSection(SolutionProperties) = preSolution
		HideSolutionNode = FALSE
	EndGlobalSection
	GlobalSection(ExtensibilityGlobals) = postSolution
		SolutionGuid = {3217A2ED-2538-4C2C-9ABB-F6EF3D285540}
	EndGlobalSection
EndGlobal
